{
  "name": "1683649-what-to-watch-8",
  "version": "1.0.0",
  "lockfileVersion": 1,
  "requires": true,
  "dependencies": {
    "add-zero": {
      "version": "1.0.0",
      "resolved": "https://registry.npmjs.org/add-zero/-/add-zero-1.0.0.tgz",
      "integrity": "sha1-iOIhaWcX9m20Z2cvP5qgBN6fGiw="
    },
    "format-duration": {
      "version": "1.4.0",
      "resolved": "https://registry.npmjs.org/format-duration/-/format-duration-1.4.0.tgz",
      "integrity": "sha512-Mcg3hOAiKxo6JRBgfrQ+sbVvr3D9/4wE7eDQXx3WV2d/yKmrcHXHJS4OhrqVeg+iiFE2Op+pHhdOkQUl8yIclw==",
      "requires": {
        "add-zero": "^1.0.0",
        "parse-ms": "^1.0.1"
      }
    },
    "parse-ms": {
      "version": "1.0.1",
      "resolved": "https://registry.npmjs.org/parse-ms/-/parse-ms-1.0.1.tgz",
      "integrity": "sha1-VjRtR0nXjyNDDKDHE4UK75GqNh0="
    }
  }
}
